
Microsoft Visual Studio Solution File, Format Version 12.00
# Visual Studio 2013
VisualStudioVersion = 12.0.30723.0
MinimumVisualStudioVersion = 10.0.40219.1
Project("{FAE04EC0-301F-11D3-BF4B-00C04F79EFBC}") = "PebbleSharp.Net45", "PebbleSharp.Net45\PebbleSharp.Net45.csproj", "{40BD0369-85E6-4712-A28C-0C9178FD6F33}"
EndProject
Project("{2150E333-8FDC-42A3-9474-1A3956D46DE8}") = "Demo", "Demo", "{2CA6F686-49B6-44A9-A1F5-7747F1180B4B}"
EndProject
Project("{D954291E-2A0B-460D-934E-DC6B0785DB48}") = "PebbleSharp.Universal.Shared", "Demo\PebbleSharp.Universal\PebbleSharp.Universal.Shared\PebbleSharp.Universal.Shared.shproj", "{5732948C-77A3-415C-8204-F6647DEC222A}"
EndProject
Project("{FAE04EC0-301F-11D3-BF4B-00C04F79EFBC}") = "PebbleCmd", "PebbleCmd\PebbleCmd.csproj", "{242D37E6-027D-4F98-AC74-D95A9B03E85D}"
EndProject
Project("{FAE04EC0-301F-11D3-BF4B-00C04F79EFBC}") = "PebbleSharp.Core.NonPortable", "PebbleSharp.Core.NonPortable\PebbleSharp.Core.NonPortable.csproj", "{E52DCFA6-ED09-4B88-AE50-97072323942C}"
EndProject
Global
	GlobalSection(SharedMSBuildProjectFiles) = preSolution
		Demo\PebbleSharp.Universal\PebbleSharp.Universal.Shared\PebbleSharp.Universal.Shared.projitems*{5732948c-77a3-415c-8204-f6647dec222a}*SharedItemsImports = 13
	EndGlobalSection
	GlobalSection(SolutionConfigurationPlatforms) = preSolution
		Ad-Hoc|Any CPU = Ad-Hoc|Any CPU
		Ad-Hoc|ARM = Ad-Hoc|ARM
		Ad-Hoc|iPhone = Ad-Hoc|iPhone
		Ad-Hoc|iPhoneSimulator = Ad-Hoc|iPhoneSimulator
		Ad-Hoc|Mixed Platforms = Ad-Hoc|Mixed Platforms
		Ad-Hoc|x64 = Ad-Hoc|x64
		Ad-Hoc|x86 = Ad-Hoc|x86
		AppStore|Any CPU = AppStore|Any CPU
		AppStore|ARM = AppStore|ARM
		AppStore|iPhone = AppStore|iPhone
		AppStore|iPhoneSimulator = AppStore|iPhoneSimulator
		AppStore|Mixed Platforms = AppStore|Mixed Platforms
		AppStore|x64 = AppStore|x64
		AppStore|x86 = AppStore|x86
		Debug|Any CPU = Debug|Any CPU
		Debug|ARM = Debug|ARM
		Debug|iPhone = Debug|iPhone
		Debug|iPhoneSimulator = Debug|iPhoneSimulator
		Debug|Mixed Platforms = Debug|Mixed Platforms
		Debug|x64 = Debug|x64
		Debug|x86 = Debug|x86
		Release|Any CPU = Release|Any CPU
		Release|ARM = Release|ARM
		Release|iPhone = Release|iPhone
		Release|iPhoneSimulator = Release|iPhoneSimulator
		Release|Mixed Platforms = Release|Mixed Platforms
		Release|x64 = Release|x64
		Release|x86 = Release|x86
	EndGlobalSection
	GlobalSection(ProjectConfigurationPlatforms) = postSolution
		{40BD0369-85E6-4712-A28C-0C9178FD6F33}.Ad-Hoc|Any CPU.ActiveCfg = Release|Any CPU
		{40BD0369-85E6-4712-A28C-0C9178FD6F33}.Ad-Hoc|Any CPU.Build.0 = Release|Any CPU
		{40BD0369-85E6-4712-A28C-0C9178FD6F33}.Ad-Hoc|ARM.ActiveCfg = Release|Any CPU
		{40BD0369-85E6-4712-A28C-0C9178FD6F33}.Ad-Hoc|iPhone.ActiveCfg = Release|Any CPU
		{40BD0369-85E6-4712-A28C-0C9178FD6F33}.Ad-Hoc|iPhoneSimulator.ActiveCfg = Release|Any CPU
		{40BD0369-85E6-4712-A28C-0C9178FD6F33}.Ad-Hoc|Mixed Platforms.ActiveCfg = Release|Any CPU
		{40BD0369-85E6-4712-A28C-0C9178FD6F33}.Ad-Hoc|Mixed Platforms.Build.0 = Release|Any CPU
		{40BD0369-85E6-4712-A28C-0C9178FD6F33}.Ad-Hoc|x64.ActiveCfg = Debug|Any CPU
		{40BD0369-85E6-4712-A28C-0C9178FD6F33}.Ad-Hoc|x86.ActiveCfg = Release|Any CPU
		{40BD0369-85E6-4712-A28C-0C9178FD6F33}.AppStore|Any CPU.ActiveCfg = Release|Any CPU
		{40BD0369-85E6-4712-A28C-0C9178FD6F33}.AppStore|Any CPU.Build.0 = Release|Any CPU
		{40BD0369-85E6-4712-A28C-0C9178FD6F33}.AppStore|ARM.ActiveCfg = Release|Any CPU
		{40BD0369-85E6-4712-A28C-0C9178FD6F33}.AppStore|iPhone.ActiveCfg = Release|Any CPU
		{40BD0369-85E6-4712-A28C-0C9178FD6F33}.AppStore|iPhoneSimulator.ActiveCfg = Release|Any CPU
		{40BD0369-85E6-4712-A28C-0C9178FD6F33}.AppStore|Mixed Platforms.ActiveCfg = Release|Any CPU
		{40BD0369-85E6-4712-A28C-0C9178FD6F33}.AppStore|Mixed Platforms.Build.0 = Release|Any CPU
		{40BD0369-85E6-4712-A28C-0C9178FD6F33}.AppStore|x64.ActiveCfg = Debug|Any CPU
		{40BD0369-85E6-4712-A28C-0C9178FD6F33}.AppStore|x86.ActiveCfg = Release|Any CPU
		{40BD0369-85E6-4712-A28C-0C9178FD6F33}.Debug|Any CPU.ActiveCfg = Debug|Any CPU
		{40BD0369-85E6-4712-A28C-0C9178FD6F33}.Debug|Any CPU.Build.0 = Debug|Any CPU
		{40BD0369-85E6-4712-A28C-0C9178FD6F33}.Debug|ARM.ActiveCfg = Debug|Any CPU
		{40BD0369-85E6-4712-A28C-0C9178FD6F33}.Debug|iPhone.ActiveCfg = Debug|Any CPU
		{40BD0369-85E6-4712-A28C-0C9178FD6F33}.Debug|iPhoneSimulator.ActiveCfg = Debug|Any CPU
		{40BD0369-85E6-4712-A28C-0C9178FD6F33}.Debug|Mixed Platforms.ActiveCfg = Debug|Any CPU
		{40BD0369-85E6-4712-A28C-0C9178FD6F33}.Debug|Mixed Platforms.Build.0 = Debug|Any CPU
		{40BD0369-85E6-4712-A28C-0C9178FD6F33}.Debug|x64.ActiveCfg = Debug|Any CPU
		{40BD0369-85E6-4712-A28C-0C9178FD6F33}.Debug|x86.ActiveCfg = Debug|Any CPU
		{40BD0369-85E6-4712-A28C-0C9178FD6F33}.Release|Any CPU.ActiveCfg = Release|Any CPU
		{40BD0369-85E6-4712-A28C-0C9178FD6F33}.Release|Any CPU.Build.0 = Release|Any CPU
		{40BD0369-85E6-4712-A28C-0C9178FD6F33}.Release|ARM.ActiveCfg = Release|Any CPU
		{40BD0369-85E6-4712-A28C-0C9178FD6F33}.Release|iPhone.ActiveCfg = Release|Any CPU
		{40BD0369-85E6-4712-A28C-0C9178FD6F33}.Release|iPhoneSimulator.ActiveCfg = Release|Any CPU
		{40BD0369-85E6-4712-A28C-0C9178FD6F33}.Release|Mixed Platforms.ActiveCfg = Release|Any CPU
		{40BD0369-85E6-4712-A28C-0C9178FD6F33}.Release|Mixed Platforms.Build.0 = Release|Any CPU
		{40BD0369-85E6-4712-A28C-0C9178FD6F33}.Release|x64.ActiveCfg = Release|Any CPU
		{40BD0369-85E6-4712-A28C-0C9178FD6F33}.Release|x86.ActiveCfg = Release|Any CPU
		{242D37E6-027D-4F98-AC74-D95A9B03E85D}.Ad-Hoc|Any CPU.ActiveCfg = Release|Any CPU
		{242D37E6-027D-4F98-AC74-D95A9B03E85D}.Ad-Hoc|Any CPU.Build.0 = Release|Any CPU
		{242D37E6-027D-4F98-AC74-D95A9B03E85D}.Ad-Hoc|ARM.ActiveCfg = Release|Any CPU
		{242D37E6-027D-4F98-AC74-D95A9B03E85D}.Ad-Hoc|iPhone.ActiveCfg = Release|Any CPU
		{242D37E6-027D-4F98-AC74-D95A9B03E85D}.Ad-Hoc|iPhoneSimulator.ActiveCfg = Release|Any CPU
		{242D37E6-027D-4F98-AC74-D95A9B03E85D}.Ad-Hoc|Mixed Platforms.ActiveCfg = Release|Any CPU
		{242D37E6-027D-4F98-AC74-D95A9B03E85D}.Ad-Hoc|Mixed Platforms.Build.0 = Release|Any CPU
		{242D37E6-027D-4F98-AC74-D95A9B03E85D}.Ad-Hoc|x64.ActiveCfg = Release|Any CPU
		{242D37E6-027D-4F98-AC74-D95A9B03E85D}.Ad-Hoc|x86.ActiveCfg = Release|Any CPU
		{242D37E6-027D-4F98-AC74-D95A9B03E85D}.AppStore|Any CPU.ActiveCfg = Release|Any CPU
		{242D37E6-027D-4F98-AC74-D95A9B03E85D}.AppStore|Any CPU.Build.0 = Release|Any CPU
		{242D37E6-027D-4F98-AC74-D95A9B03E85D}.AppStore|ARM.ActiveCfg = Release|Any CPU
		{242D37E6-027D-4F98-AC74-D95A9B03E85D}.AppStore|iPhone.ActiveCfg = Release|Any CPU
		{242D37E6-027D-4F98-AC74-D95A9B03E85D}.AppStore|iPhoneSimulator.ActiveCfg = Release|Any CPU
		{242D37E6-027D-4F98-AC74-D95A9B03E85D}.AppStore|Mixed Platforms.ActiveCfg = Release|Any CPU
		{242D37E6-027D-4F98-AC74-D95A9B03E85D}.AppStore|Mixed Platforms.Build.0 = Release|Any CPU
		{242D37E6-027D-4F98-AC74-D95A9B03E85D}.AppStore|x64.ActiveCfg = Release|Any CPU
		{242D37E6-027D-4F98-AC74-D95A9B03E85D}.AppStore|x86.ActiveCfg = Release|Any CPU
		{242D37E6-027D-4F98-AC74-D95A9B03E85D}.Debug|Any CPU.ActiveCfg = Debug|Any CPU
		{242D37E6-027D-4F98-AC74-D95A9B03E85D}.Debug|Any CPU.Build.0 = Debug|Any CPU
		{242D37E6-027D-4F98-AC74-D95A9B03E85D}.Debug|ARM.ActiveCfg = Debug|Any CPU
		{242D37E6-027D-4F98-AC74-D95A9B03E85D}.Debug|iPhone.ActiveCfg = Debug|Any CPU
		{242D37E6-027D-4F98-AC74-D95A9B03E85D}.Debug|iPhoneSimulator.ActiveCfg = Debug|Any CPU
		{242D37E6-027D-4F98-AC74-D95A9B03E85D}.Debug|Mixed Platforms.ActiveCfg = Debug|Any CPU
		{242D37E6-027D-4F98-AC74-D95A9B03E85D}.Debug|Mixed Platforms.Build.0 = Debug|Any CPU
		{242D37E6-027D-4F98-AC74-D95A9B03E85D}.Debug|x64.ActiveCfg = Debug|Any CPU
		{242D37E6-027D-4F98-AC74-D95A9B03E85D}.Debug|x86.ActiveCfg = Debug|Any CPU
		{242D37E6-027D-4F98-AC74-D95A9B03E85D}.Release|Any CPU.ActiveCfg = Release|Any CPU
		{242D37E6-027D-4F98-AC74-D95A9B03E85D}.Release|Any CPU.Build.0 = Release|Any CPU
		{242D37E6-027D-4F98-AC74-D95A9B03E85D}.Release|ARM.ActiveCfg = Release|Any CPU
		{242D37E6-027D-4F98-AC74-D95A9B03E85D}.Release|iPhone.ActiveCfg = Release|Any CPU
		{242D37E6-027D-4F98-AC74-D95A9B03E85D}.Release|iPhoneSimulator.ActiveCfg = Release|Any CPU
		{242D37E6-027D-4F98-AC74-D95A9B03E85D}.Release|Mixed Platforms.ActiveCfg = Release|Any CPU
		{242D37E6-027D-4F98-AC74-D95A9B03E85D}.Release|Mixed Platforms.Build.0 = Release|Any CPU
		{242D37E6-027D-4F98-AC74-D95A9B03E85D}.Release|x64.ActiveCfg = Release|Any CPU
		{242D37E6-027D-4F98-AC74-D95A9B03E85D}.Release|x86.ActiveCfg = Release|Any CPU
		{E52DCFA6-ED09-4B88-AE50-97072323942C}.Ad-Hoc|Any CPU.ActiveCfg = Release|Any CPU
		{E52DCFA6-ED09-4B88-AE50-97072323942C}.Ad-Hoc|Any CPU.Build.0 = Release|Any CPU
		{E52DCFA6-ED09-4B88-AE50-97072323942C}.Ad-Hoc|ARM.ActiveCfg = Release|Any CPU
		{E52DCFA6-ED09-4B88-AE50-97072323942C}.Ad-Hoc|iPhone.ActiveCfg = Release|Any CPU
		{E52DCFA6-ED09-4B88-AE50-97072323942C}.Ad-Hoc|iPhoneSimulator.ActiveCfg = Release|Any CPU
		{E52DCFA6-ED09-4B88-AE50-97072323942C}.Ad-Hoc|Mixed Platforms.ActiveCfg = Release|Any CPU
		{E52DCFA6-ED09-4B88-AE50-97072323942C}.Ad-Hoc|Mixed Platforms.Build.0 = Release|Any CPU
		{E52DCFA6-ED09-4B88-AE50-97072323942C}.Ad-Hoc|x64.ActiveCfg = Release|Any CPU
		{E52DCFA6-ED09-4B88-AE50-97072323942C}.Ad-Hoc|x86.ActiveCfg = Release|Any CPU
		{E52DCFA6-ED09-4B88-AE50-97072323942C}.AppStore|Any CPU.ActiveCfg = Release|Any CPU
		{E52DCFA6-ED09-4B88-AE50-97072323942C}.AppStore|Any CPU.Build.0 = Release|Any CPU
		{E52DCFA6-ED09-4B88-AE50-97072323942C}.AppStore|ARM.ActiveCfg = Release|Any CPU
		{E52DCFA6-ED09-4B88-AE50-97072323942C}.AppStore|iPhone.ActiveCfg = Release|Any CPU
		{E52DCFA6-ED09-4B88-AE50-97072323942C}.AppStore|iPhoneSimulator.ActiveCfg = Release|Any CPU
		{E52DCFA6-ED09-4B88-AE50-97072323942C}.AppStore|Mixed Platforms.ActiveCfg = Release|Any CPU
		{E52DCFA6-ED09-4B88-AE50-97072323942C}.AppStore|Mixed Platforms.Build.0 = Release|Any CPU
		{E52DCFA6-ED09-4B88-AE50-97072323942C}.AppStore|x64.ActiveCfg = Release|Any CPU
		{E52DCFA6-ED09-4B88-AE50-97072323942C}.AppStore|x86.ActiveCfg = Release|Any CPU
		{E52DCFA6-ED09-4B88-AE50-97072323942C}.Debug|Any CPU.ActiveCfg = Debug|Any CPU
		{E52DCFA6-ED09-4B88-AE50-97072323942C}.Debug|Any CPU.Build.0 = Debug|Any CPU
		{E52DCFA6-ED09-4B88-AE50-97072323942C}.Debug|ARM.ActiveCfg = Debug|Any CPU
		{E52DCFA6-ED09-4B88-AE50-97072323942C}.Debug|iPhone.ActiveCfg = Debug|Any CPU
		{E52DCFA6-ED09-4B88-AE50-97072323942C}.Debug|iPhoneSimulator.ActiveCfg = Debug|Any CPU
		{E52DCFA6-ED09-4B88-AE50-97072323942C}.Debug|Mixed Platforms.ActiveCfg = Debug|Any CPU
		{E52DCFA6-ED09-4B88-AE50-97072323942C}.Debug|Mixed Platforms.Build.0 = Debug|Any CPU
		{E52DCFA6-ED09-4B88-AE50-97072323942C}.Debug|x64.ActiveCfg = Debug|Any CPU
		{E52DCFA6-ED09-4B88-AE50-97072323942C}.Debug|x86.ActiveCfg = Debug|Any CPU
		{E52DCFA6-ED09-4B88-AE50-97072323942C}.Release|Any CPU.ActiveCfg = Release|Any CPU
		{E52DCFA6-ED09-4B88-AE50-97072323942C}.Release|Any CPU.Build.0 = Release|Any CPU
		{E52DCFA6-ED09-4B88-AE50-97072323942C}.Release|ARM.ActiveCfg = Release|Any CPU
		{E52DCFA6-ED09-4B88-AE50-97072323942C}.Release|iPhone.ActiveCfg = Release|Any CPU
		{E52DCFA6-ED09-4B88-AE50-97072323942C}.Release|iPhoneSimulator.ActiveCfg = Release|Any CPU
		{E52DCFA6-ED09-4B88-AE50-97072323942C}.Release|Mixed Platforms.ActiveCfg = Release|Any CPU
		{E52DCFA6-ED09-4B88-AE50-97072323942C}.Release|Mixed Platforms.Build.0 = Release|Any CPU
		{E52DCFA6-ED09-4B88-AE50-97072323942C}.Release|x64.ActiveCfg = Release|Any CPU
		{E52DCFA6-ED09-4B88-AE50-97072323942C}.Release|x86.ActiveCfg = Release|Any CPU
	EndGlobalSection
	GlobalSection(SolutionProperties) = preSolution
		HideSolutionNode = FALSE
	EndGlobalSection
	GlobalSection(NestedProjects) = preSolution
		{5732948C-77A3-415C-8204-F6647DEC222A} = {2CA6F686-49B6-44A9-A1F5-7747F1180B4B}
		{242D37E6-027D-4F98-AC74-D95A9B03E85D} = {2CA6F686-49B6-44A9-A1F5-7747F1180B4B}
	EndGlobalSection
EndGlobal
