
Microsoft Visual Studio Solution File, Format Version 12.00
# Visual Studio 2012
Project("{FAE04EC0-301F-11D3-BF4B-00C04F79EFBC}") = "PebbleSharp.Net45", "PebbleSharp.Net45\PebbleSharp.Net45.csproj", "{40BD0369-85E6-4712-A28C-0C9178FD6F33}"
EndProject
Project("{FAE04EC0-301F-11D3-BF4B-00C04F79EFBC}") = "PebbleCmd", "PebbleCmd\PebbleCmd.csproj", "{242D37E6-027D-4F98-AC74-D95A9B03E85D}"
EndProject
Project("{FAE04EC0-301F-11D3-BF4B-00C04F79EFBC}") = "PebbleSharp.Core.NonPortable", "PebbleSharp.Core.NonPortable\PebbleSharp.Core.NonPortable.csproj", "{E52DCFA6-ED09-4B88-AE50-97072323942C}"
EndProject
Project("{FAE04EC0-301F-11D3-BF4B-00C04F79EFBC}") = "dbus-sharp", "dbus-sharp\src\dbus-sharp.csproj", "{09A0200F-F3AF-4BD6-9EC4-E7D80D273E4C}"
EndProject
Project("{FAE04EC0-301F-11D3-BF4B-00C04F79EFBC}") = "Mono.BlueZ.DBus", "Mono.BlueZ\Mono.BlueZ.DBus\Mono.BlueZ.DBus.csproj", "{68E6EB3B-4076-48F6-9EB6-1181057C0977}"
EndProject
Global
	GlobalSection(SolutionConfigurationPlatforms) = preSolution
		Ad-Hoc|Any CPU = Ad-Hoc|Any CPU
		Ad-Hoc|ARM = Ad-Hoc|ARM
		Ad-Hoc|iPhone = Ad-Hoc|iPhone
		Ad-Hoc|iPhoneSimulator = Ad-Hoc|iPhoneSimulator
		Ad-Hoc|Mixed Platforms = Ad-Hoc|Mixed Platforms
		Ad-Hoc|x64 = Ad-Hoc|x64
		Ad-Hoc|x86 = Ad-Hoc|x86
		AppStore|Any CPU = AppStore|Any CPU
		AppStore|ARM = AppStore|ARM
		AppStore|iPhone = AppStore|iPhone
		AppStore|iPhoneSimulator = AppStore|iPhoneSimulator
		AppStore|Mixed Platforms = AppStore|Mixed Platforms
		AppStore|x64 = AppStore|x64
		AppStore|x86 = AppStore|x86
		CodeAnalysis|Any CPU = CodeAnalysis|Any CPU
		CodeAnalysis|ARM = CodeAnalysis|ARM
		CodeAnalysis|iPhone = CodeAnalysis|iPhone
		CodeAnalysis|iPhoneSimulator = CodeAnalysis|iPhoneSimulator
		CodeAnalysis|Mixed Platforms = CodeAnalysis|Mixed Platforms
		CodeAnalysis|x64 = CodeAnalysis|x64
		CodeAnalysis|x86 = CodeAnalysis|x86
		Debug|Any CPU = Debug|Any CPU
		Debug|ARM = Debug|ARM
		Debug|iPhone = Debug|iPhone
		Debug|iPhoneSimulator = Debug|iPhoneSimulator
		Debug|Mixed Platforms = Debug|Mixed Platforms
		Debug|x64 = Debug|x64
		Debug|x86 = Debug|x86
		Release|Any CPU = Release|Any CPU
		Release|ARM = Release|ARM
		Release|iPhone = Release|iPhone
		Release|iPhoneSimulator = Release|iPhoneSimulator
		Release|Mixed Platforms = Release|Mixed Platforms
		Release|x64 = Release|x64
		Release|x86 = Release|x86
	EndGlobalSection
	GlobalSection(ProjectConfigurationPlatforms) = postSolution
		{09A0200F-F3AF-4BD6-9EC4-E7D80D273E4C}.Ad-Hoc|Any CPU.ActiveCfg = Release|Any CPU
		{09A0200F-F3AF-4BD6-9EC4-E7D80D273E4C}.Ad-Hoc|Any CPU.Build.0 = Release|Any CPU
		{09A0200F-F3AF-4BD6-9EC4-E7D80D273E4C}.Ad-Hoc|ARM.ActiveCfg = Release|Any CPU
		{09A0200F-F3AF-4BD6-9EC4-E7D80D273E4C}.Ad-Hoc|ARM.Build.0 = Release|Any CPU
		{09A0200F-F3AF-4BD6-9EC4-E7D80D273E4C}.Ad-Hoc|iPhone.ActiveCfg = Release|Any CPU
		{09A0200F-F3AF-4BD6-9EC4-E7D80D273E4C}.Ad-Hoc|iPhone.Build.0 = Release|Any CPU
		{09A0200F-F3AF-4BD6-9EC4-E7D80D273E4C}.Ad-Hoc|iPhoneSimulator.ActiveCfg = Release|Any CPU
		{09A0200F-F3AF-4BD6-9EC4-E7D80D273E4C}.Ad-Hoc|iPhoneSimulator.Build.0 = Release|Any CPU
		{09A0200F-F3AF-4BD6-9EC4-E7D80D273E4C}.Ad-Hoc|Mixed Platforms.ActiveCfg = Release|Any CPU
		{09A0200F-F3AF-4BD6-9EC4-E7D80D273E4C}.Ad-Hoc|Mixed Platforms.Build.0 = Release|Any CPU
		{09A0200F-F3AF-4BD6-9EC4-E7D80D273E4C}.Ad-Hoc|x64.ActiveCfg = Debug|Any CPU
		{09A0200F-F3AF-4BD6-9EC4-E7D80D273E4C}.Ad-Hoc|x64.Build.0 = Debug|Any CPU
		{09A0200F-F3AF-4BD6-9EC4-E7D80D273E4C}.Ad-Hoc|x86.ActiveCfg = Release|Any CPU
		{09A0200F-F3AF-4BD6-9EC4-E7D80D273E4C}.Ad-Hoc|x86.Build.0 = Release|Any CPU
		{09A0200F-F3AF-4BD6-9EC4-E7D80D273E4C}.AppStore|Any CPU.ActiveCfg = Release|Any CPU
		{09A0200F-F3AF-4BD6-9EC4-E7D80D273E4C}.AppStore|Any CPU.Build.0 = Release|Any CPU
		{09A0200F-F3AF-4BD6-9EC4-E7D80D273E4C}.AppStore|ARM.ActiveCfg = Release|Any CPU
		{09A0200F-F3AF-4BD6-9EC4-E7D80D273E4C}.AppStore|ARM.Build.0 = Release|Any CPU
		{09A0200F-F3AF-4BD6-9EC4-E7D80D273E4C}.AppStore|iPhone.ActiveCfg = Release|Any CPU
		{09A0200F-F3AF-4BD6-9EC4-E7D80D273E4C}.AppStore|iPhone.Build.0 = Release|Any CPU
		{09A0200F-F3AF-4BD6-9EC4-E7D80D273E4C}.AppStore|iPhoneSimulator.ActiveCfg = Release|Any CPU
		{09A0200F-F3AF-4BD6-9EC4-E7D80D273E4C}.AppStore|iPhoneSimulator.Build.0 = Release|Any CPU
		{09A0200F-F3AF-4BD6-9EC4-E7D80D273E4C}.AppStore|Mixed Platforms.ActiveCfg = Release|Any CPU
		{09A0200F-F3AF-4BD6-9EC4-E7D80D273E4C}.AppStore|Mixed Platforms.Build.0 = Release|Any CPU
		{09A0200F-F3AF-4BD6-9EC4-E7D80D273E4C}.AppStore|x64.ActiveCfg = Debug|Any CPU
		{09A0200F-F3AF-4BD6-9EC4-E7D80D273E4C}.AppStore|x64.Build.0 = Debug|Any CPU
		{09A0200F-F3AF-4BD6-9EC4-E7D80D273E4C}.AppStore|x86.ActiveCfg = Release|Any CPU
		{09A0200F-F3AF-4BD6-9EC4-E7D80D273E4C}.AppStore|x86.Build.0 = Release|Any CPU
		{09A0200F-F3AF-4BD6-9EC4-E7D80D273E4C}.CodeAnalysis|Any CPU.ActiveCfg = Debug|Any CPU
		{09A0200F-F3AF-4BD6-9EC4-E7D80D273E4C}.CodeAnalysis|Any CPU.Build.0 = Debug|Any CPU
		{09A0200F-F3AF-4BD6-9EC4-E7D80D273E4C}.CodeAnalysis|ARM.ActiveCfg = Debug|Any CPU
		{09A0200F-F3AF-4BD6-9EC4-E7D80D273E4C}.CodeAnalysis|ARM.Build.0 = Debug|Any CPU
		{09A0200F-F3AF-4BD6-9EC4-E7D80D273E4C}.CodeAnalysis|iPhone.ActiveCfg = Debug|Any CPU
		{09A0200F-F3AF-4BD6-9EC4-E7D80D273E4C}.CodeAnalysis|iPhone.Build.0 = Debug|Any CPU
		{09A0200F-F3AF-4BD6-9EC4-E7D80D273E4C}.CodeAnalysis|iPhoneSimulator.ActiveCfg = Debug|Any CPU
		{09A0200F-F3AF-4BD6-9EC4-E7D80D273E4C}.CodeAnalysis|iPhoneSimulator.Build.0 = Debug|Any CPU
		{09A0200F-F3AF-4BD6-9EC4-E7D80D273E4C}.CodeAnalysis|Mixed Platforms.ActiveCfg = Debug|Any CPU
		{09A0200F-F3AF-4BD6-9EC4-E7D80D273E4C}.CodeAnalysis|Mixed Platforms.Build.0 = Debug|Any CPU
		{09A0200F-F3AF-4BD6-9EC4-E7D80D273E4C}.CodeAnalysis|x64.ActiveCfg = Debug|Any CPU
		{09A0200F-F3AF-4BD6-9EC4-E7D80D273E4C}.CodeAnalysis|x64.Build.0 = Debug|Any CPU
		{09A0200F-F3AF-4BD6-9EC4-E7D80D273E4C}.CodeAnalysis|x86.ActiveCfg = Debug|Any CPU
		{09A0200F-F3AF-4BD6-9EC4-E7D80D273E4C}.CodeAnalysis|x86.Build.0 = Debug|Any CPU
		{09A0200F-F3AF-4BD6-9EC4-E7D80D273E4C}.Debug|Any CPU.ActiveCfg = Debug|Any CPU
		{09A0200F-F3AF-4BD6-9EC4-E7D80D273E4C}.Debug|Any CPU.Build.0 = Debug|Any CPU
		{09A0200F-F3AF-4BD6-9EC4-E7D80D273E4C}.Debug|ARM.ActiveCfg = Debug|Any CPU
		{09A0200F-F3AF-4BD6-9EC4-E7D80D273E4C}.Debug|ARM.Build.0 = Debug|Any CPU
		{09A0200F-F3AF-4BD6-9EC4-E7D80D273E4C}.Debug|iPhone.ActiveCfg = Debug|Any CPU
		{09A0200F-F3AF-4BD6-9EC4-E7D80D273E4C}.Debug|iPhone.Build.0 = Debug|Any CPU
		{09A0200F-F3AF-4BD6-9EC4-E7D80D273E4C}.Debug|iPhoneSimulator.ActiveCfg = Debug|Any CPU
		{09A0200F-F3AF-4BD6-9EC4-E7D80D273E4C}.Debug|iPhoneSimulator.Build.0 = Debug|Any CPU
		{09A0200F-F3AF-4BD6-9EC4-E7D80D273E4C}.Debug|Mixed Platforms.ActiveCfg = Debug|Any CPU
		{09A0200F-F3AF-4BD6-9EC4-E7D80D273E4C}.Debug|Mixed Platforms.Build.0 = Debug|Any CPU
		{09A0200F-F3AF-4BD6-9EC4-E7D80D273E4C}.Debug|x64.ActiveCfg = Debug|Any CPU
		{09A0200F-F3AF-4BD6-9EC4-E7D80D273E4C}.Debug|x64.Build.0 = Debug|Any CPU
		{09A0200F-F3AF-4BD6-9EC4-E7D80D273E4C}.Debug|x86.ActiveCfg = Debug|Any CPU
		{09A0200F-F3AF-4BD6-9EC4-E7D80D273E4C}.Debug|x86.Build.0 = Debug|Any CPU
		{09A0200F-F3AF-4BD6-9EC4-E7D80D273E4C}.Release|Any CPU.ActiveCfg = Release|Any CPU
		{09A0200F-F3AF-4BD6-9EC4-E7D80D273E4C}.Release|Any CPU.Build.0 = Release|Any CPU
		{09A0200F-F3AF-4BD6-9EC4-E7D80D273E4C}.Release|ARM.ActiveCfg = Release|Any CPU
		{09A0200F-F3AF-4BD6-9EC4-E7D80D273E4C}.Release|ARM.Build.0 = Release|Any CPU
		{09A0200F-F3AF-4BD6-9EC4-E7D80D273E4C}.Release|iPhone.ActiveCfg = Release|Any CPU
		{09A0200F-F3AF-4BD6-9EC4-E7D80D273E4C}.Release|iPhone.Build.0 = Release|Any CPU
		{09A0200F-F3AF-4BD6-9EC4-E7D80D273E4C}.Release|iPhoneSimulator.ActiveCfg = Release|Any CPU
		{09A0200F-F3AF-4BD6-9EC4-E7D80D273E4C}.Release|iPhoneSimulator.Build.0 = Release|Any CPU
		{09A0200F-F3AF-4BD6-9EC4-E7D80D273E4C}.Release|Mixed Platforms.ActiveCfg = Release|Any CPU
		{09A0200F-F3AF-4BD6-9EC4-E7D80D273E4C}.Release|Mixed Platforms.Build.0 = Release|Any CPU
		{09A0200F-F3AF-4BD6-9EC4-E7D80D273E4C}.Release|x64.ActiveCfg = Release|Any CPU
		{09A0200F-F3AF-4BD6-9EC4-E7D80D273E4C}.Release|x64.Build.0 = Release|Any CPU
		{09A0200F-F3AF-4BD6-9EC4-E7D80D273E4C}.Release|x86.ActiveCfg = Release|Any CPU
		{09A0200F-F3AF-4BD6-9EC4-E7D80D273E4C}.Release|x86.Build.0 = Release|Any CPU
		{242D37E6-027D-4F98-AC74-D95A9B03E85D}.Ad-Hoc|Any CPU.ActiveCfg = Release|Any CPU
		{242D37E6-027D-4F98-AC74-D95A9B03E85D}.Ad-Hoc|Any CPU.Build.0 = Release|Any CPU
		{242D37E6-027D-4F98-AC74-D95A9B03E85D}.Ad-Hoc|ARM.ActiveCfg = Release|Any CPU
		{242D37E6-027D-4F98-AC74-D95A9B03E85D}.Ad-Hoc|iPhone.ActiveCfg = Release|Any CPU
		{242D37E6-027D-4F98-AC74-D95A9B03E85D}.Ad-Hoc|iPhoneSimulator.ActiveCfg = Release|Any CPU
		{242D37E6-027D-4F98-AC74-D95A9B03E85D}.Ad-Hoc|Mixed Platforms.ActiveCfg = Release|Any CPU
		{242D37E6-027D-4F98-AC74-D95A9B03E85D}.Ad-Hoc|Mixed Platforms.Build.0 = Release|Any CPU
		{242D37E6-027D-4F98-AC74-D95A9B03E85D}.Ad-Hoc|x64.ActiveCfg = Release|Any CPU
		{242D37E6-027D-4F98-AC74-D95A9B03E85D}.Ad-Hoc|x86.ActiveCfg = Release|Any CPU
		{242D37E6-027D-4F98-AC74-D95A9B03E85D}.AppStore|Any CPU.ActiveCfg = Release|Any CPU
		{242D37E6-027D-4F98-AC74-D95A9B03E85D}.AppStore|Any CPU.Build.0 = Release|Any CPU
		{242D37E6-027D-4F98-AC74-D95A9B03E85D}.AppStore|ARM.ActiveCfg = Release|Any CPU
		{242D37E6-027D-4F98-AC74-D95A9B03E85D}.AppStore|iPhone.ActiveCfg = Release|Any CPU
		{242D37E6-027D-4F98-AC74-D95A9B03E85D}.AppStore|iPhoneSimulator.ActiveCfg = Release|Any CPU
		{242D37E6-027D-4F98-AC74-D95A9B03E85D}.AppStore|Mixed Platforms.ActiveCfg = Release|Any CPU
		{242D37E6-027D-4F98-AC74-D95A9B03E85D}.AppStore|Mixed Platforms.Build.0 = Release|Any CPU
		{242D37E6-027D-4F98-AC74-D95A9B03E85D}.AppStore|x64.ActiveCfg = Release|Any CPU
		{242D37E6-027D-4F98-AC74-D95A9B03E85D}.AppStore|x86.ActiveCfg = Release|Any CPU
		{242D37E6-027D-4F98-AC74-D95A9B03E85D}.CodeAnalysis|Any CPU.ActiveCfg = Debug|Any CPU
		{242D37E6-027D-4F98-AC74-D95A9B03E85D}.CodeAnalysis|Any CPU.Build.0 = Debug|Any CPU
		{242D37E6-027D-4F98-AC74-D95A9B03E85D}.CodeAnalysis|ARM.ActiveCfg = Debug|Any CPU
		{242D37E6-027D-4F98-AC74-D95A9B03E85D}.CodeAnalysis|iPhone.ActiveCfg = Debug|Any CPU
		{242D37E6-027D-4F98-AC74-D95A9B03E85D}.CodeAnalysis|iPhoneSimulator.ActiveCfg = Debug|Any CPU
		{242D37E6-027D-4F98-AC74-D95A9B03E85D}.CodeAnalysis|Mixed Platforms.ActiveCfg = Debug|Any CPU
		{242D37E6-027D-4F98-AC74-D95A9B03E85D}.CodeAnalysis|Mixed Platforms.Build.0 = Debug|Any CPU
		{242D37E6-027D-4F98-AC74-D95A9B03E85D}.CodeAnalysis|x64.ActiveCfg = Debug|Any CPU
		{242D37E6-027D-4F98-AC74-D95A9B03E85D}.CodeAnalysis|x86.ActiveCfg = Debug|Any CPU
		{242D37E6-027D-4F98-AC74-D95A9B03E85D}.Debug|Any CPU.ActiveCfg = Debug|Any CPU
		{242D37E6-027D-4F98-AC74-D95A9B03E85D}.Debug|Any CPU.Build.0 = Debug|Any CPU
		{242D37E6-027D-4F98-AC74-D95A9B03E85D}.Debug|ARM.ActiveCfg = Debug|Any CPU
		{242D37E6-027D-4F98-AC74-D95A9B03E85D}.Debug|iPhone.ActiveCfg = Debug|Any CPU
		{242D37E6-027D-4F98-AC74-D95A9B03E85D}.Debug|iPhoneSimulator.ActiveCfg = Debug|Any CPU
		{242D37E6-027D-4F98-AC74-D95A9B03E85D}.Debug|Mixed Platforms.ActiveCfg = Debug|Any CPU
		{242D37E6-027D-4F98-AC74-D95A9B03E85D}.Debug|Mixed Platforms.Build.0 = Debug|Any CPU
		{242D37E6-027D-4F98-AC74-D95A9B03E85D}.Debug|x64.ActiveCfg = Debug|Any CPU
		{242D37E6-027D-4F98-AC74-D95A9B03E85D}.Debug|x86.ActiveCfg = Debug|Any CPU
		{242D37E6-027D-4F98-AC74-D95A9B03E85D}.Release|Any CPU.ActiveCfg = Release|Any CPU
		{242D37E6-027D-4F98-AC74-D95A9B03E85D}.Release|Any CPU.Build.0 = Release|Any CPU
		{242D37E6-027D-4F98-AC74-D95A9B03E85D}.Release|ARM.ActiveCfg = Release|Any CPU
		{242D37E6-027D-4F98-AC74-D95A9B03E85D}.Release|iPhone.ActiveCfg = Release|Any CPU
		{242D37E6-027D-4F98-AC74-D95A9B03E85D}.Release|iPhoneSimulator.ActiveCfg = Release|Any CPU
		{242D37E6-027D-4F98-AC74-D95A9B03E85D}.Release|Mixed Platforms.ActiveCfg = Release|Any CPU
		{242D37E6-027D-4F98-AC74-D95A9B03E85D}.Release|Mixed Platforms.Build.0 = Release|Any CPU
		{242D37E6-027D-4F98-AC74-D95A9B03E85D}.Release|x64.ActiveCfg = Release|Any CPU
		{242D37E6-027D-4F98-AC74-D95A9B03E85D}.Release|x86.ActiveCfg = Release|Any CPU
		{40BD0369-85E6-4712-A28C-0C9178FD6F33}.Ad-Hoc|Any CPU.ActiveCfg = Release|Any CPU
		{40BD0369-85E6-4712-A28C-0C9178FD6F33}.Ad-Hoc|Any CPU.Build.0 = Release|Any CPU
		{40BD0369-85E6-4712-A28C-0C9178FD6F33}.Ad-Hoc|ARM.ActiveCfg = Release|Any CPU
		{40BD0369-85E6-4712-A28C-0C9178FD6F33}.Ad-Hoc|iPhone.ActiveCfg = Release|Any CPU
		{40BD0369-85E6-4712-A28C-0C9178FD6F33}.Ad-Hoc|iPhoneSimulator.ActiveCfg = Release|Any CPU
		{40BD0369-85E6-4712-A28C-0C9178FD6F33}.Ad-Hoc|Mixed Platforms.ActiveCfg = Release|Any CPU
		{40BD0369-85E6-4712-A28C-0C9178FD6F33}.Ad-Hoc|Mixed Platforms.Build.0 = Release|Any CPU
		{40BD0369-85E6-4712-A28C-0C9178FD6F33}.Ad-Hoc|x64.ActiveCfg = Debug|Any CPU
		{40BD0369-85E6-4712-A28C-0C9178FD6F33}.Ad-Hoc|x86.ActiveCfg = Release|Any CPU
		{40BD0369-85E6-4712-A28C-0C9178FD6F33}.AppStore|Any CPU.ActiveCfg = Release|Any CPU
		{40BD0369-85E6-4712-A28C-0C9178FD6F33}.AppStore|Any CPU.Build.0 = Release|Any CPU
		{40BD0369-85E6-4712-A28C-0C9178FD6F33}.AppStore|ARM.ActiveCfg = Release|Any CPU
		{40BD0369-85E6-4712-A28C-0C9178FD6F33}.AppStore|iPhone.ActiveCfg = Release|Any CPU
		{40BD0369-85E6-4712-A28C-0C9178FD6F33}.AppStore|iPhoneSimulator.ActiveCfg = Release|Any CPU
		{40BD0369-85E6-4712-A28C-0C9178FD6F33}.AppStore|Mixed Platforms.ActiveCfg = Release|Any CPU
		{40BD0369-85E6-4712-A28C-0C9178FD6F33}.AppStore|Mixed Platforms.Build.0 = Release|Any CPU
		{40BD0369-85E6-4712-A28C-0C9178FD6F33}.AppStore|x64.ActiveCfg = Debug|Any CPU
		{40BD0369-85E6-4712-A28C-0C9178FD6F33}.AppStore|x86.ActiveCfg = Release|Any CPU
		{40BD0369-85E6-4712-A28C-0C9178FD6F33}.CodeAnalysis|Any CPU.ActiveCfg = Debug|Any CPU
		{40BD0369-85E6-4712-A28C-0C9178FD6F33}.CodeAnalysis|Any CPU.Build.0 = Debug|Any CPU
		{40BD0369-85E6-4712-A28C-0C9178FD6F33}.CodeAnalysis|ARM.ActiveCfg = Debug|Any CPU
		{40BD0369-85E6-4712-A28C-0C9178FD6F33}.CodeAnalysis|iPhone.ActiveCfg = Debug|Any CPU
		{40BD0369-85E6-4712-A28C-0C9178FD6F33}.CodeAnalysis|iPhoneSimulator.ActiveCfg = Debug|Any CPU
		{40BD0369-85E6-4712-A28C-0C9178FD6F33}.CodeAnalysis|Mixed Platforms.ActiveCfg = Debug|Any CPU
		{40BD0369-85E6-4712-A28C-0C9178FD6F33}.CodeAnalysis|Mixed Platforms.Build.0 = Debug|Any CPU
		{40BD0369-85E6-4712-A28C-0C9178FD6F33}.CodeAnalysis|x64.ActiveCfg = Debug|Any CPU
		{40BD0369-85E6-4712-A28C-0C9178FD6F33}.CodeAnalysis|x86.ActiveCfg = Debug|Any CPU
		{40BD0369-85E6-4712-A28C-0C9178FD6F33}.Debug|Any CPU.ActiveCfg = Debug|Any CPU
		{40BD0369-85E6-4712-A28C-0C9178FD6F33}.Debug|Any CPU.Build.0 = Debug|Any CPU
		{40BD0369-85E6-4712-A28C-0C9178FD6F33}.Debug|ARM.ActiveCfg = Debug|Any CPU
		{40BD0369-85E6-4712-A28C-0C9178FD6F33}.Debug|iPhone.ActiveCfg = Debug|Any CPU
		{40BD0369-85E6-4712-A28C-0C9178FD6F33}.Debug|iPhoneSimulator.ActiveCfg = Debug|Any CPU
		{40BD0369-85E6-4712-A28C-0C9178FD6F33}.Debug|Mixed Platforms.ActiveCfg = Debug|Any CPU
		{40BD0369-85E6-4712-A28C-0C9178FD6F33}.Debug|Mixed Platforms.Build.0 = Debug|Any CPU
		{40BD0369-85E6-4712-A28C-0C9178FD6F33}.Debug|x64.ActiveCfg = Debug|Any CPU
		{40BD0369-85E6-4712-A28C-0C9178FD6F33}.Debug|x86.ActiveCfg = Debug|Any CPU
		{40BD0369-85E6-4712-A28C-0C9178FD6F33}.Release|Any CPU.ActiveCfg = Release|Any CPU
		{40BD0369-85E6-4712-A28C-0C9178FD6F33}.Release|Any CPU.Build.0 = Release|Any CPU
		{40BD0369-85E6-4712-A28C-0C9178FD6F33}.Release|ARM.ActiveCfg = Release|Any CPU
		{40BD0369-85E6-4712-A28C-0C9178FD6F33}.Release|iPhone.ActiveCfg = Release|Any CPU
		{40BD0369-85E6-4712-A28C-0C9178FD6F33}.Release|iPhoneSimulator.ActiveCfg = Release|Any CPU
		{40BD0369-85E6-4712-A28C-0C9178FD6F33}.Release|Mixed Platforms.ActiveCfg = Release|Any CPU
		{40BD0369-85E6-4712-A28C-0C9178FD6F33}.Release|Mixed Platforms.Build.0 = Release|Any CPU
		{40BD0369-85E6-4712-A28C-0C9178FD6F33}.Release|x64.ActiveCfg = Release|Any CPU
		{40BD0369-85E6-4712-A28C-0C9178FD6F33}.Release|x86.ActiveCfg = Release|Any CPU
		{68E6EB3B-4076-48F6-9EB6-1181057C0977}.Ad-Hoc|Any CPU.ActiveCfg = Release|Any CPU
		{68E6EB3B-4076-48F6-9EB6-1181057C0977}.Ad-Hoc|Any CPU.Build.0 = Release|Any CPU
		{68E6EB3B-4076-48F6-9EB6-1181057C0977}.Ad-Hoc|ARM.ActiveCfg = Release|Any CPU
		{68E6EB3B-4076-48F6-9EB6-1181057C0977}.Ad-Hoc|ARM.Build.0 = Release|Any CPU
		{68E6EB3B-4076-48F6-9EB6-1181057C0977}.Ad-Hoc|iPhone.ActiveCfg = Release|Any CPU
		{68E6EB3B-4076-48F6-9EB6-1181057C0977}.Ad-Hoc|iPhone.Build.0 = Release|Any CPU
		{68E6EB3B-4076-48F6-9EB6-1181057C0977}.Ad-Hoc|iPhoneSimulator.ActiveCfg = Release|Any CPU
		{68E6EB3B-4076-48F6-9EB6-1181057C0977}.Ad-Hoc|iPhoneSimulator.Build.0 = Release|Any CPU
		{68E6EB3B-4076-48F6-9EB6-1181057C0977}.Ad-Hoc|Mixed Platforms.ActiveCfg = Release|Any CPU
		{68E6EB3B-4076-48F6-9EB6-1181057C0977}.Ad-Hoc|Mixed Platforms.Build.0 = Release|Any CPU
		{68E6EB3B-4076-48F6-9EB6-1181057C0977}.Ad-Hoc|x64.ActiveCfg = Debug|Any CPU
		{68E6EB3B-4076-48F6-9EB6-1181057C0977}.Ad-Hoc|x64.Build.0 = Debug|Any CPU
		{68E6EB3B-4076-48F6-9EB6-1181057C0977}.Ad-Hoc|x86.ActiveCfg = Release|Any CPU
		{68E6EB3B-4076-48F6-9EB6-1181057C0977}.Ad-Hoc|x86.Build.0 = Release|Any CPU
		{68E6EB3B-4076-48F6-9EB6-1181057C0977}.AppStore|Any CPU.ActiveCfg = Release|Any CPU
		{68E6EB3B-4076-48F6-9EB6-1181057C0977}.AppStore|Any CPU.Build.0 = Release|Any CPU
		{68E6EB3B-4076-48F6-9EB6-1181057C0977}.AppStore|ARM.ActiveCfg = Release|Any CPU
		{68E6EB3B-4076-48F6-9EB6-1181057C0977}.AppStore|ARM.Build.0 = Release|Any CPU
		{68E6EB3B-4076-48F6-9EB6-1181057C0977}.AppStore|iPhone.ActiveCfg = Release|Any CPU
		{68E6EB3B-4076-48F6-9EB6-1181057C0977}.AppStore|iPhone.Build.0 = Release|Any CPU
		{68E6EB3B-4076-48F6-9EB6-1181057C0977}.AppStore|iPhoneSimulator.ActiveCfg = Release|Any CPU
		{68E6EB3B-4076-48F6-9EB6-1181057C0977}.AppStore|iPhoneSimulator.Build.0 = Release|Any CPU
		{68E6EB3B-4076-48F6-9EB6-1181057C0977}.AppStore|Mixed Platforms.ActiveCfg = Release|Any CPU
		{68E6EB3B-4076-48F6-9EB6-1181057C0977}.AppStore|Mixed Platforms.Build.0 = Release|Any CPU
		{68E6EB3B-4076-48F6-9EB6-1181057C0977}.AppStore|x64.ActiveCfg = Debug|Any CPU
		{68E6EB3B-4076-48F6-9EB6-1181057C0977}.AppStore|x64.Build.0 = Debug|Any CPU
		{68E6EB3B-4076-48F6-9EB6-1181057C0977}.AppStore|x86.ActiveCfg = Release|Any CPU
		{68E6EB3B-4076-48F6-9EB6-1181057C0977}.AppStore|x86.Build.0 = Release|Any CPU
		{68E6EB3B-4076-48F6-9EB6-1181057C0977}.CodeAnalysis|Any CPU.ActiveCfg = Debug|Any CPU
		{68E6EB3B-4076-48F6-9EB6-1181057C0977}.CodeAnalysis|Any CPU.Build.0 = Debug|Any CPU
		{68E6EB3B-4076-48F6-9EB6-1181057C0977}.CodeAnalysis|ARM.ActiveCfg = Debug|Any CPU
		{68E6EB3B-4076-48F6-9EB6-1181057C0977}.CodeAnalysis|ARM.Build.0 = Debug|Any CPU
		{68E6EB3B-4076-48F6-9EB6-1181057C0977}.CodeAnalysis|iPhone.ActiveCfg = Debug|Any CPU
		{68E6EB3B-4076-48F6-9EB6-1181057C0977}.CodeAnalysis|iPhone.Build.0 = Debug|Any CPU
		{68E6EB3B-4076-48F6-9EB6-1181057C0977}.CodeAnalysis|iPhoneSimulator.ActiveCfg = Debug|Any CPU
		{68E6EB3B-4076-48F6-9EB6-1181057C0977}.CodeAnalysis|iPhoneSimulator.Build.0 = Debug|Any CPU
		{68E6EB3B-4076-48F6-9EB6-1181057C0977}.CodeAnalysis|Mixed Platforms.ActiveCfg = Debug|Any CPU
		{68E6EB3B-4076-48F6-9EB6-1181057C0977}.CodeAnalysis|Mixed Platforms.Build.0 = Debug|Any CPU
		{68E6EB3B-4076-48F6-9EB6-1181057C0977}.CodeAnalysis|x64.ActiveCfg = Debug|Any CPU
		{68E6EB3B-4076-48F6-9EB6-1181057C0977}.CodeAnalysis|x64.Build.0 = Debug|Any CPU
		{68E6EB3B-4076-48F6-9EB6-1181057C0977}.CodeAnalysis|x86.ActiveCfg = Debug|Any CPU
		{68E6EB3B-4076-48F6-9EB6-1181057C0977}.CodeAnalysis|x86.Build.0 = Debug|Any CPU
		{68E6EB3B-4076-48F6-9EB6-1181057C0977}.Debug|Any CPU.ActiveCfg = Debug|Any CPU
		{68E6EB3B-4076-48F6-9EB6-1181057C0977}.Debug|Any CPU.Build.0 = Debug|Any CPU
		{68E6EB3B-4076-48F6-9EB6-1181057C0977}.Debug|ARM.ActiveCfg = Debug|Any CPU
		{68E6EB3B-4076-48F6-9EB6-1181057C0977}.Debug|ARM.Build.0 = Debug|Any CPU
		{68E6EB3B-4076-48F6-9EB6-1181057C0977}.Debug|iPhone.ActiveCfg = Debug|Any CPU
		{68E6EB3B-4076-48F6-9EB6-1181057C0977}.Debug|iPhone.Build.0 = Debug|Any CPU
		{68E6EB3B-4076-48F6-9EB6-1181057C0977}.Debug|iPhoneSimulator.ActiveCfg = Debug|Any CPU
		{68E6EB3B-4076-48F6-9EB6-1181057C0977}.Debug|iPhoneSimulator.Build.0 = Debug|Any CPU
		{68E6EB3B-4076-48F6-9EB6-1181057C0977}.Debug|Mixed Platforms.ActiveCfg = Debug|Any CPU
		{68E6EB3B-4076-48F6-9EB6-1181057C0977}.Debug|Mixed Platforms.Build.0 = Debug|Any CPU
		{68E6EB3B-4076-48F6-9EB6-1181057C0977}.Debug|x64.ActiveCfg = Debug|Any CPU
		{68E6EB3B-4076-48F6-9EB6-1181057C0977}.Debug|x64.Build.0 = Debug|Any CPU
		{68E6EB3B-4076-48F6-9EB6-1181057C0977}.Debug|x86.ActiveCfg = Debug|Any CPU
		{68E6EB3B-4076-48F6-9EB6-1181057C0977}.Debug|x86.Build.0 = Debug|Any CPU
		{68E6EB3B-4076-48F6-9EB6-1181057C0977}.Release|Any CPU.ActiveCfg = Release|Any CPU
		{68E6EB3B-4076-48F6-9EB6-1181057C0977}.Release|Any CPU.Build.0 = Release|Any CPU
		{68E6EB3B-4076-48F6-9EB6-1181057C0977}.Release|ARM.ActiveCfg = Release|Any CPU
		{68E6EB3B-4076-48F6-9EB6-1181057C0977}.Release|ARM.Build.0 = Release|Any CPU
		{68E6EB3B-4076-48F6-9EB6-1181057C0977}.Release|iPhone.ActiveCfg = Release|Any CPU
		{68E6EB3B-4076-48F6-9EB6-1181057C0977}.Release|iPhone.Build.0 = Release|Any CPU
		{68E6EB3B-4076-48F6-9EB6-1181057C0977}.Release|iPhoneSimulator.ActiveCfg = Release|Any CPU
		{68E6EB3B-4076-48F6-9EB6-1181057C0977}.Release|iPhoneSimulator.Build.0 = Release|Any CPU
		{68E6EB3B-4076-48F6-9EB6-1181057C0977}.Release|Mixed Platforms.ActiveCfg = Release|Any CPU
		{68E6EB3B-4076-48F6-9EB6-1181057C0977}.Release|Mixed Platforms.Build.0 = Release|Any CPU
		{68E6EB3B-4076-48F6-9EB6-1181057C0977}.Release|x64.ActiveCfg = Release|Any CPU
		{68E6EB3B-4076-48F6-9EB6-1181057C0977}.Release|x64.Build.0 = Release|Any CPU
		{68E6EB3B-4076-48F6-9EB6-1181057C0977}.Release|x86.ActiveCfg = Release|Any CPU
		{68E6EB3B-4076-48F6-9EB6-1181057C0977}.Release|x86.Build.0 = Release|Any CPU
		{E52DCFA6-ED09-4B88-AE50-97072323942C}.Ad-Hoc|Any CPU.ActiveCfg = Release|Any CPU
		{E52DCFA6-ED09-4B88-AE50-97072323942C}.Ad-Hoc|Any CPU.Build.0 = Release|Any CPU
		{E52DCFA6-ED09-4B88-AE50-97072323942C}.Ad-Hoc|ARM.ActiveCfg = Release|Any CPU
		{E52DCFA6-ED09-4B88-AE50-97072323942C}.Ad-Hoc|iPhone.ActiveCfg = Release|Any CPU
		{E52DCFA6-ED09-4B88-AE50-97072323942C}.Ad-Hoc|iPhoneSimulator.ActiveCfg = Release|Any CPU
		{E52DCFA6-ED09-4B88-AE50-97072323942C}.Ad-Hoc|Mixed Platforms.ActiveCfg = Release|Any CPU
		{E52DCFA6-ED09-4B88-AE50-97072323942C}.Ad-Hoc|Mixed Platforms.Build.0 = Release|Any CPU
		{E52DCFA6-ED09-4B88-AE50-97072323942C}.Ad-Hoc|x64.ActiveCfg = Release|Any CPU
		{E52DCFA6-ED09-4B88-AE50-97072323942C}.Ad-Hoc|x86.ActiveCfg = Release|Any CPU
		{E52DCFA6-ED09-4B88-AE50-97072323942C}.AppStore|Any CPU.ActiveCfg = Release|Any CPU
		{E52DCFA6-ED09-4B88-AE50-97072323942C}.AppStore|Any CPU.Build.0 = Release|Any CPU
		{E52DCFA6-ED09-4B88-AE50-97072323942C}.AppStore|ARM.ActiveCfg = Release|Any CPU
		{E52DCFA6-ED09-4B88-AE50-97072323942C}.AppStore|iPhone.ActiveCfg = Release|Any CPU
		{E52DCFA6-ED09-4B88-AE50-97072323942C}.AppStore|iPhoneSimulator.ActiveCfg = Release|Any CPU
		{E52DCFA6-ED09-4B88-AE50-97072323942C}.AppStore|Mixed Platforms.ActiveCfg = Release|Any CPU
		{E52DCFA6-ED09-4B88-AE50-97072323942C}.AppStore|Mixed Platforms.Build.0 = Release|Any CPU
		{E52DCFA6-ED09-4B88-AE50-97072323942C}.AppStore|x64.ActiveCfg = Release|Any CPU
		{E52DCFA6-ED09-4B88-AE50-97072323942C}.AppStore|x86.ActiveCfg = Release|Any CPU
		{E52DCFA6-ED09-4B88-AE50-97072323942C}.CodeAnalysis|Any CPU.ActiveCfg = Debug|Any CPU
		{E52DCFA6-ED09-4B88-AE50-97072323942C}.CodeAnalysis|Any CPU.Build.0 = Debug|Any CPU
		{E52DCFA6-ED09-4B88-AE50-97072323942C}.CodeAnalysis|ARM.ActiveCfg = Debug|Any CPU
		{E52DCFA6-ED09-4B88-AE50-97072323942C}.CodeAnalysis|iPhone.ActiveCfg = Debug|Any CPU
		{E52DCFA6-ED09-4B88-AE50-97072323942C}.CodeAnalysis|iPhoneSimulator.ActiveCfg = Debug|Any CPU
		{E52DCFA6-ED09-4B88-AE50-97072323942C}.CodeAnalysis|Mixed Platforms.ActiveCfg = Debug|Any CPU
		{E52DCFA6-ED09-4B88-AE50-97072323942C}.CodeAnalysis|Mixed Platforms.Build.0 = Debug|Any CPU
		{E52DCFA6-ED09-4B88-AE50-97072323942C}.CodeAnalysis|x64.ActiveCfg = Debug|Any CPU
		{E52DCFA6-ED09-4B88-AE50-97072323942C}.CodeAnalysis|x86.ActiveCfg = Debug|Any CPU
		{E52DCFA6-ED09-4B88-AE50-97072323942C}.Debug|Any CPU.ActiveCfg = Debug|Any CPU
		{E52DCFA6-ED09-4B88-AE50-97072323942C}.Debug|Any CPU.Build.0 = Debug|Any CPU
		{E52DCFA6-ED09-4B88-AE50-97072323942C}.Debug|ARM.ActiveCfg = Debug|Any CPU
		{E52DCFA6-ED09-4B88-AE50-97072323942C}.Debug|iPhone.ActiveCfg = Debug|Any CPU
		{E52DCFA6-ED09-4B88-AE50-97072323942C}.Debug|iPhoneSimulator.ActiveCfg = Debug|Any CPU
		{E52DCFA6-ED09-4B88-AE50-97072323942C}.Debug|Mixed Platforms.ActiveCfg = Debug|Any CPU
		{E52DCFA6-ED09-4B88-AE50-97072323942C}.Debug|Mixed Platforms.Build.0 = Debug|Any CPU
		{E52DCFA6-ED09-4B88-AE50-97072323942C}.Debug|x64.ActiveCfg = Debug|Any CPU
		{E52DCFA6-ED09-4B88-AE50-97072323942C}.Debug|x86.ActiveCfg = Debug|Any CPU
		{E52DCFA6-ED09-4B88-AE50-97072323942C}.Release|Any CPU.ActiveCfg = Release|Any CPU
		{E52DCFA6-ED09-4B88-AE50-97072323942C}.Release|Any CPU.Build.0 = Release|Any CPU
		{E52DCFA6-ED09-4B88-AE50-97072323942C}.Release|ARM.ActiveCfg = Release|Any CPU
		{E52DCFA6-ED09-4B88-AE50-97072323942C}.Release|iPhone.ActiveCfg = Release|Any CPU
		{E52DCFA6-ED09-4B88-AE50-97072323942C}.Release|iPhoneSimulator.ActiveCfg = Release|Any CPU
		{E52DCFA6-ED09-4B88-AE50-97072323942C}.Release|Mixed Platforms.ActiveCfg = Release|Any CPU
		{E52DCFA6-ED09-4B88-AE50-97072323942C}.Release|Mixed Platforms.Build.0 = Release|Any CPU
		{E52DCFA6-ED09-4B88-AE50-97072323942C}.Release|x64.ActiveCfg = Release|Any CPU
		{E52DCFA6-ED09-4B88-AE50-97072323942C}.Release|x86.ActiveCfg = Release|Any CPU
	EndGlobalSection
	GlobalSection(MonoDevelopProperties) = preSolution
		StartupItem = PebbleSharp.Net45\PebbleSharp.Net45.csproj
	EndGlobalSection
	GlobalSection(SolutionProperties) = preSolution
		HideSolutionNode = FALSE
	EndGlobalSection
	GlobalSection(SharedMSBuildProjectFiles) = preSolution
		Demo\PebbleSharp.Universal\PebbleSharp.Universal.Shared\PebbleSharp.Universal.Shared.projitems*{5732948c-77a3-415c-8204-f6647dec222a}*SharedItemsImports = 13
	EndGlobalSection
EndGlobal
